# This file is automatically @generated by Poetry 1.4.0 and should not be changed by hand.

[[package]]
name = "markdown"
version = "3.4.4"
description = "Python implementation of John Gruber's Markdown."
category = "main"
optional = false
python-versions = ">=3.7"
files = [
    {file = "Markdown-3.4.4-py3-none-any.whl", hash = "sha256:a4c1b65c0957b4bd9e7d86ddc7b3c9868fb9670660f6f99f6d1bca8954d5a941"},
    {file = "Markdown-3.4.4.tar.gz", hash = "sha256:225c6123522495d4119a90b3a3ba31a1e87a70369e03f14799ea9c0d7183a3d6"},
]

[package.extras]
docs = ["mdx-gh-links (>=0.2)", "mkdocs (>=1.0)", "mkdocs-nature (>=0.4)"]
testing = ["coverage", "pyyaml"]

[metadata]
lock-version = "2.0"
python-versions = "^3.10"
content-hash = "9418d6a5a18a29bc7600fa8c204c3448c945b228b1ffea6971cd5cc07af81bfa"
